
Microsoft Visual Studio Solution File, Format Version 12.00
# Visual Studio Version 16
VisualStudioVersion = 16.0.31112.23
MinimumVisualStudioVersion = 10.0.40219.1
Project("{FAE04EC0-301F-11D3-BF4B-00C04F79EFBC}") = "StringGenerator.WEB", "StringGenerator.WEB\StringGenerator.WEB.csproj", "{FF31FE6E-08D6-4DFD-913D-02070EAC1DF0}"
EndProject
Project("{FAE04EC0-301F-11D3-BF4B-00C04F79EFBC}") = "StringGenerator.BLL", "StringGenerator.BLL\StringGenerator.BLL.csproj", "{F7483A11-51FD-43CB-B16C-825D9C4B7684}"
EndProject
Project("{FAE04EC0-301F-11D3-BF4B-00C04F79EFBC}") = "StringGenerator.Test", "StringGenerator.Test\StringGenerator.Test.csproj", "{057B0A91-B3FA-438C-9AA8-FAFAE1F6E7FF}"
EndProject
Global
	GlobalSection(SolutionConfigurationPlatforms) = preSolution
		Debug|Any CPU = Debug|Any CPU
		Release|Any CPU = Release|Any CPU
	EndGlobalSection
	GlobalSection(ProjectConfigurationPlatforms) = postSolution
		{FF31FE6E-08D6-4DFD-913D-02070EAC1DF0}.Debug|Any CPU.ActiveCfg = Debug|Any CPU
		{FF31FE6E-08D6-4DFD-913D-02070EAC1DF0}.Debug|Any CPU.Build.0 = Debug|Any CPU
		{FF31FE6E-08D6-4DFD-913D-02070EAC1DF0}.Release|Any CPU.ActiveCfg = Release|Any CPU
		{FF31FE6E-08D6-4DFD-913D-02070EAC1DF0}.Release|Any CPU.Build.0 = Release|Any CPU
		{F7483A11-51FD-43CB-B16C-825D9C4B7684}.Debug|Any CPU.ActiveCfg = Debug|Any CPU
		{F7483A11-51FD-43CB-B16C-825D9C4B7684}.Debug|Any CPU.Build.0 = Debug|Any CPU
		{F7483A11-51FD-43CB-B16C-825D9C4B7684}.Release|Any CPU.ActiveCfg = Release|Any CPU
		{F7483A11-51FD-43CB-B16C-825D9C4B7684}.Release|Any CPU.Build.0 = Release|Any CPU
		{057B0A91-B3FA-438C-9AA8-FAFAE1F6E7FF}.Debug|Any CPU.ActiveCfg = Debug|Any CPU
		{057B0A91-B3FA-438C-9AA8-FAFAE1F6E7FF}.Debug|Any CPU.Build.0 = Debug|Any CPU
		{057B0A91-B3FA-438C-9AA8-FAFAE1F6E7FF}.Release|Any CPU.ActiveCfg = Release|Any CPU
		{057B0A91-B3FA-438C-9AA8-FAFAE1F6E7FF}.Release|Any CPU.Build.0 = Release|Any CPU
	EndGlobalSection
	GlobalSection(SolutionProperties) = preSolution
		HideSolutionNode = FALSE
	EndGlobalSection
	GlobalSection(ExtensibilityGlobals) = postSolution
		SolutionGuid = {6A64C7F1-C8CE-4114-96BC-03CAD4EBC170}
	EndGlobalSection
EndGlobal
